
Microsoft Visual Studio Solution File, Format Version 12.00
# Visual Studio Version 16
VisualStudioVersion = 16.0.32602.291
MinimumVisualStudioVersion = 10.0.40219.1
Project("{FAE04EC0-301F-11D3-BF4B-00C04F79EFBC}") = "DogWebApp", "DogWebApp\DogWebApp.csproj", "{86F2CD37-CF77-4F54-A90A-90E826BAE80A}"
EndProject
Global
	GlobalSection(SolutionConfigurationPlatforms) = preSolution
		Debug|Any CPU = Debug|Any CPU
		Release|Any CPU = Release|Any CPU
	EndGlobalSection
	GlobalSection(ProjectConfigurationPlatforms) = postSolution
		{86F2CD37-CF77-4F54-A90A-90E826BAE80A}.Debug|Any CPU.ActiveCfg = Debug|Any CPU
		{86F2CD37-CF77-4F54-A90A-90E826BAE80A}.Debug|Any CPU.Build.0 = Debug|Any CPU
		{86F2CD37-CF77-4F54-A90A-90E826BAE80A}.Release|Any CPU.ActiveCfg = Release|Any CPU
		{86F2CD37-CF77-4F54-A90A-90E826BAE80A}.Release|Any CPU.Build.0 = Release|Any CPU
	EndGlobalSection
	GlobalSection(SolutionProperties) = preSolution
		HideSolutionNode = FALSE
	EndGlobalSection
	GlobalSection(ExtensibilityGlobals) = postSolution
		SolutionGuid = {22D166E0-5637-463A-941C-A85208688E95}
	EndGlobalSection
EndGlobal
